
Microsoft Visual Studio Solution File, Format Version 12.00
# Visual Studio Version 17
VisualStudioVersion = 17.3.32825.248
MinimumVisualStudioVersion = 10.0.40219.1
Project("{9A19103F-16F7-4668-BE54-9A1E7A4F7556}") = "Repositortpattern1", "Repositortpattern1\Repositortpattern1.csproj", "{C28A6189-60D3-47AA-A1D0-BE0C4F52C1E8}"
EndProject
Project("{FAE04EC0-301F-11D3-BF4B-00C04F79EFBC}") = "PatientRepositoryTests", "PatientRepositoryTests\PatientRepositoryTests.csproj", "{68847478-AC3B-4871-8846-71FF05E9156E}"
EndProject
Global
	GlobalSection(SolutionConfigurationPlatforms) = preSolution
		Debug|Any CPU = Debug|Any CPU
		Release|Any CPU = Release|Any CPU
	EndGlobalSection
	GlobalSection(ProjectConfigurationPlatforms) = postSolution
		{C28A6189-60D3-47AA-A1D0-BE0C4F52C1E8}.Debug|Any CPU.ActiveCfg = Debug|Any CPU
		{C28A6189-60D3-47AA-A1D0-BE0C4F52C1E8}.Debug|Any CPU.Build.0 = Debug|Any CPU
		{C28A6189-60D3-47AA-A1D0-BE0C4F52C1E8}.Release|Any CPU.ActiveCfg = Release|Any CPU
		{C28A6189-60D3-47AA-A1D0-BE0C4F52C1E8}.Release|Any CPU.Build.0 = Release|Any CPU
		{68847478-AC3B-4871-8846-71FF05E9156E}.Debug|Any CPU.ActiveCfg = Debug|Any CPU
		{68847478-AC3B-4871-8846-71FF05E9156E}.Debug|Any CPU.Build.0 = Debug|Any CPU
		{68847478-AC3B-4871-8846-71FF05E9156E}.Release|Any CPU.ActiveCfg = Release|Any CPU
		{68847478-AC3B-4871-8846-71FF05E9156E}.Release|Any CPU.Build.0 = Release|Any CPU
	EndGlobalSection
	GlobalSection(SolutionProperties) = preSolution
		HideSolutionNode = FALSE
	EndGlobalSection
	GlobalSection(ExtensibilityGlobals) = postSolution
		SolutionGuid = {6A3B133F-278A-4096-8B37-5FE3798E9371}
	EndGlobalSection
EndGlobal
